
Microsoft Visual Studio Solution File, Format Version 12.00
# Visual Studio Version 16
VisualStudioVersion = 16.0.30128.74
MinimumVisualStudioVersion = 10.0.40219.1
Project("{9A19103F-16F7-4668-BE54-9A1E7A4F7556}") = "VellumZero", "VellumZero.csproj", "{0CA68EAE-8E0D-4786-940E-CC63B8DD181A}"
EndProject
Project("{9A19103F-16F7-4668-BE54-9A1E7A4F7556}") = "vellum", "..\vellum-for-EZ\src\vellum.csproj", "{7C56A0B7-4437-4E58-955C-AC85410A2871}"
EndProject
Project("{FAE04EC0-301F-11D3-BF4B-00C04F79EFBC}") = "AutoRestart", "..\AutoRestart\AutoRestart.csproj", "{773E0E7A-1417-41AF-B065-15692620CC96}"
EndProject
Global
	GlobalSection(SolutionConfigurationPlatforms) = preSolution
		Debug|Any CPU = Debug|Any CPU
		Release|Any CPU = Release|Any CPU
	EndGlobalSection
	GlobalSection(ProjectConfigurationPlatforms) = postSolution
		{0CA68EAE-8E0D-4786-940E-CC63B8DD181A}.Debug|Any CPU.ActiveCfg = Debug|Any CPU
		{0CA68EAE-8E0D-4786-940E-CC63B8DD181A}.Debug|Any CPU.Build.0 = Debug|Any CPU
		{0CA68EAE-8E0D-4786-940E-CC63B8DD181A}.Release|Any CPU.ActiveCfg = Release|Any CPU
		{0CA68EAE-8E0D-4786-940E-CC63B8DD181A}.Release|Any CPU.Build.0 = Release|Any CPU
		{7C56A0B7-4437-4E58-955C-AC85410A2871}.Debug|Any CPU.ActiveCfg = Debug|Any CPU
		{7C56A0B7-4437-4E58-955C-AC85410A2871}.Debug|Any CPU.Build.0 = Debug|Any CPU
		{7C56A0B7-4437-4E58-955C-AC85410A2871}.Release|Any CPU.ActiveCfg = Release|Any CPU
		{7C56A0B7-4437-4E58-955C-AC85410A2871}.Release|Any CPU.Build.0 = Release|Any CPU
		{773E0E7A-1417-41AF-B065-15692620CC96}.Debug|Any CPU.ActiveCfg = Debug|Any CPU
		{773E0E7A-1417-41AF-B065-15692620CC96}.Debug|Any CPU.Build.0 = Debug|Any CPU
		{773E0E7A-1417-41AF-B065-15692620CC96}.Release|Any CPU.ActiveCfg = Release|Any CPU
		{773E0E7A-1417-41AF-B065-15692620CC96}.Release|Any CPU.Build.0 = Release|Any CPU
	EndGlobalSection
	GlobalSection(SolutionProperties) = preSolution
		HideSolutionNode = FALSE
	EndGlobalSection
	GlobalSection(ExtensibilityGlobals) = postSolution
		SolutionGuid = {042EA281-8524-42DB-9B34-7202D68858B1}
	EndGlobalSection
EndGlobal
